{
  "pins" : [
    {
      "identity" : "idzswiftcommoncrypto",
      "kind" : "remoteSourceControl",
      "location" : "https://github.com/iosdevzone/IDZSwiftCommonCrypto.git",
      "state" : {
        "revision" : "47f9747d12137cd59d783ab376e3ccab7206319b",
        "version" : "0.16.1"
      }
    }
  ],
  "version" : 2
}
